
Microsoft Visual Studio Solution File, Format Version 12.00
# Visual Studio 14
VisualStudioVersion = 14.0.25420.1
MinimumVisualStudioVersion = 10.0.40219.1
Project("{8BC9CEB8-8B4A-11D0-8D11-00A0C91BC942}") = "NetLib", "NetLib\NetLib.vcxproj", "{38C59DDD-08C8-4E49-A227-A9D601ECC52D}"
EndProject
Project("{8BC9CEB8-8B4A-11D0-8D11-00A0C91BC942}") = "UtilLib", "UtilLib\UtilLib.vcxproj", "{AEC1B151-B91A-40C6-A2B4-EB724937680F}"
EndProject
Project("{8BC9CEB8-8B4A-11D0-8D11-00A0C91BC942}") = "CipherLib", "CipherLib\CipherLib.vcxproj", "{0395923A-0561-49A6-9971-EFDB60E4EE7E}"
EndProject
Project("{8BC9CEB8-8B4A-11D0-8D11-00A0C91BC942}") = "Packet", "Packet\Packet.vcxproj", "{EA1AB6B9-A7E2-484B-AA6F-A0659A383B77}"
EndProject
Project("{FAE04EC0-301F-11D3-BF4B-00C04F79EFBC}") = "MainQQ", "MainQQ\MainQQ.csproj", "{DB9CF0CB-DFBE-4292-B828-F0000FB7AE0A}"
EndProject
Project("{8BC9CEB8-8B4A-11D0-8D11-00A0C91BC942}") = "CCodecWarpper", "CCodecWarpper\CCodecWarpper.vcxproj", "{815167D6-0879-43A0-9A0B-3E326C8691C8}"
EndProject
Project("{8BC9CEB8-8B4A-11D0-8D11-00A0C91BC942}") = "JceProtocol", "JceProtocol\JceProtocol.vcxproj", "{BE8D9410-0FB4-4C6B-80FB-2B59D8CBD62D}"
EndProject
Project("{8BC9CEB8-8B4A-11D0-8D11-00A0C91BC942}") = "MobileQQ", "MobileQQ\MobileQQ.vcxproj", "{E174C590-C063-4FF1-8A34-D2D8261ED633}"
EndProject
Project("{8BC9CEB8-8B4A-11D0-8D11-00A0C91BC942}") = "SkinUI", "SkinUI\SkinUI.vcxproj", "{BAD27C39-1F9B-47D4-A867-C2F082E948E9}"
EndProject
Project("{8BC9CEB8-8B4A-11D0-8D11-00A0C91BC942}") = "SkinUI_ScrollBar", "SkinUI_ScrollBar\SkinUI_ScrollBar.vcxproj", "{BAE19B94-710F-4994-BA83-1D17E51680E5}"
EndProject
Project("{8BC9CEB8-8B4A-11D0-8D11-00A0C91BC942}") = "PCQQ", "PCQQ\PCQQ.vcxproj", "{C55B8833-7196-42AB-8886-AD50826FBD90}"
EndProject
Global
	GlobalSection(SolutionConfigurationPlatforms) = preSolution
		Debug_Unicode|Mixed Platforms = Debug_Unicode|Mixed Platforms
		Debug_Unicode|Win32 = Debug_Unicode|Win32
		Debug_Unicode|x86 = Debug_Unicode|x86
		Debug|Mixed Platforms = Debug|Mixed Platforms
		Debug|Win32 = Debug|Win32
		Debug|x86 = Debug|x86
		Release_Unicode|Mixed Platforms = Release_Unicode|Mixed Platforms
		Release_Unicode|Win32 = Release_Unicode|Win32
		Release_Unicode|x86 = Release_Unicode|x86
		Release|Mixed Platforms = Release|Mixed Platforms
		Release|Win32 = Release|Win32
		Release|x86 = Release|x86
		Template|Mixed Platforms = Template|Mixed Platforms
		Template|Win32 = Template|Win32
		Template|x86 = Template|x86
	EndGlobalSection
	GlobalSection(ProjectConfigurationPlatforms) = postSolution
		{38C59DDD-08C8-4E49-A227-A9D601ECC52D}.Debug_Unicode|Mixed Platforms.ActiveCfg = Debug|Win32
		{38C59DDD-08C8-4E49-A227-A9D601ECC52D}.Debug_Unicode|Win32.ActiveCfg = Debug|Win32
		{38C59DDD-08C8-4E49-A227-A9D601ECC52D}.Debug_Unicode|Win32.Build.0 = Debug|Win32
		{38C59DDD-08C8-4E49-A227-A9D601ECC52D}.Debug_Unicode|x86.ActiveCfg = Debug|Win32
		{38C59DDD-08C8-4E49-A227-A9D601ECC52D}.Debug|Mixed Platforms.ActiveCfg = Debug|Win32
		{38C59DDD-08C8-4E49-A227-A9D601ECC52D}.Debug|Win32.ActiveCfg = Debug|Win32
		{38C59DDD-08C8-4E49-A227-A9D601ECC52D}.Debug|Win32.Build.0 = Debug|Win32
		{38C59DDD-08C8-4E49-A227-A9D601ECC52D}.Debug|x86.ActiveCfg = Debug|Win32
		{38C59DDD-08C8-4E49-A227-A9D601ECC52D}.Release_Unicode|Mixed Platforms.ActiveCfg = Release|Win32
		{38C59DDD-08C8-4E49-A227-A9D601ECC52D}.Release_Unicode|Win32.ActiveCfg = Release|Win32
		{38C59DDD-08C8-4E49-A227-A9D601ECC52D}.Release_Unicode|Win32.Build.0 = Release|Win32
		{38C59DDD-08C8-4E49-A227-A9D601ECC52D}.Release_Unicode|x86.ActiveCfg = Release|Win32
		{38C59DDD-08C8-4E49-A227-A9D601ECC52D}.Release|Mixed Platforms.ActiveCfg = Release|Win32
		{38C59DDD-08C8-4E49-A227-A9D601ECC52D}.Release|Win32.ActiveCfg = Release|Win32
		{38C59DDD-08C8-4E49-A227-A9D601ECC52D}.Release|Win32.Build.0 = Release|Win32
		{38C59DDD-08C8-4E49-A227-A9D601ECC52D}.Release|x86.ActiveCfg = Release|Win32
		{38C59DDD-08C8-4E49-A227-A9D601ECC52D}.Template|Mixed Platforms.ActiveCfg = Release|Win32
		{38C59DDD-08C8-4E49-A227-A9D601ECC52D}.Template|Win32.ActiveCfg = Release|Win32
		{38C59DDD-08C8-4E49-A227-A9D601ECC52D}.Template|Win32.Build.0 = Release|Win32
		{38C59DDD-08C8-4E49-A227-A9D601ECC52D}.Template|x86.ActiveCfg = Release|Win32
		{AEC1B151-B91A-40C6-A2B4-EB724937680F}.Debug_Unicode|Mixed Platforms.ActiveCfg = Debug|Win32
		{AEC1B151-B91A-40C6-A2B4-EB724937680F}.Debug_Unicode|Win32.ActiveCfg = Debug|Win32
		{AEC1B151-B91A-40C6-A2B4-EB724937680F}.Debug_Unicode|Win32.Build.0 = Debug|Win32
		{AEC1B151-B91A-40C6-A2B4-EB724937680F}.Debug_Unicode|x86.ActiveCfg = Debug|Win32
		{AEC1B151-B91A-40C6-A2B4-EB724937680F}.Debug|Mixed Platforms.ActiveCfg = Debug|Win32
		{AEC1B151-B91A-40C6-A2B4-EB724937680F}.Debug|Win32.ActiveCfg = Debug|Win32
		{AEC1B151-B91A-40C6-A2B4-EB724937680F}.Debug|Win32.Build.0 = Debug|Win32
		{AEC1B151-B91A-40C6-A2B4-EB724937680F}.Debug|x86.ActiveCfg = Debug|Win32
		{AEC1B151-B91A-40C6-A2B4-EB724937680F}.Release_Unicode|Mixed Platforms.ActiveCfg = Release|Win32
		{AEC1B151-B91A-40C6-A2B4-EB724937680F}.Release_Unicode|Win32.ActiveCfg = Release|Win32
		{AEC1B151-B91A-40C6-A2B4-EB724937680F}.Release_Unicode|Win32.Build.0 = Release|Win32
		{AEC1B151-B91A-40C6-A2B4-EB724937680F}.Release_Unicode|x86.ActiveCfg = Release|Win32
		{AEC1B151-B91A-40C6-A2B4-EB724937680F}.Release|Mixed Platforms.ActiveCfg = Release|Win32
		{AEC1B151-B91A-40C6-A2B4-EB724937680F}.Release|Win32.ActiveCfg = Release|Win32
		{AEC1B151-B91A-40C6-A2B4-EB724937680F}.Release|Win32.Build.0 = Release|Win32
		{AEC1B151-B91A-40C6-A2B4-EB724937680F}.Release|x86.ActiveCfg = Release|Win32
		{AEC1B151-B91A-40C6-A2B4-EB724937680F}.Template|Mixed Platforms.ActiveCfg = Release|Win32
		{AEC1B151-B91A-40C6-A2B4-EB724937680F}.Template|Win32.ActiveCfg = Release|Win32
		{AEC1B151-B91A-40C6-A2B4-EB724937680F}.Template|Win32.Build.0 = Release|Win32
		{AEC1B151-B91A-40C6-A2B4-EB724937680F}.Template|x86.ActiveCfg = Release|Win32
		{0395923A-0561-49A6-9971-EFDB60E4EE7E}.Debug_Unicode|Mixed Platforms.ActiveCfg = Debug|Win32
		{0395923A-0561-49A6-9971-EFDB60E4EE7E}.Debug_Unicode|Mixed Platforms.Build.0 = Debug|Win32
		{0395923A-0561-49A6-9971-EFDB60E4EE7E}.Debug_Unicode|Win32.ActiveCfg = Debug|Win32
		{0395923A-0561-49A6-9971-EFDB60E4EE7E}.Debug_Unicode|Win32.Build.0 = Debug|Win32
		{0395923A-0561-49A6-9971-EFDB60E4EE7E}.Debug_Unicode|x86.ActiveCfg = Debug|Win32
		{0395923A-0561-49A6-9971-EFDB60E4EE7E}.Debug|Mixed Platforms.ActiveCfg = Debug|Win32
		{0395923A-0561-49A6-9971-EFDB60E4EE7E}.Debug|Mixed Platforms.Build.0 = Debug|Win32
		{0395923A-0561-49A6-9971-EFDB60E4EE7E}.Debug|Win32.ActiveCfg = Debug|Win32
		{0395923A-0561-49A6-9971-EFDB60E4EE7E}.Debug|Win32.Build.0 = Debug|Win32
		{0395923A-0561-49A6-9971-EFDB60E4EE7E}.Debug|x86.ActiveCfg = Debug|Win32
		{0395923A-0561-49A6-9971-EFDB60E4EE7E}.Release_Unicode|Mixed Platforms.ActiveCfg = Release|Win32
		{0395923A-0561-49A6-9971-EFDB60E4EE7E}.Release_Unicode|Mixed Platforms.Build.0 = Release|Win32
		{0395923A-0561-49A6-9971-EFDB60E4EE7E}.Release_Unicode|Win32.ActiveCfg = Release|Win32
		{0395923A-0561-49A6-9971-EFDB60E4EE7E}.Release_Unicode|Win32.Build.0 = Release|Win32
		{0395923A-0561-49A6-9971-EFDB60E4EE7E}.Release_Unicode|x86.ActiveCfg = Release|Win32
		{0395923A-0561-49A6-9971-EFDB60E4EE7E}.Release|Mixed Platforms.ActiveCfg = Release|Win32
		{0395923A-0561-49A6-9971-EFDB60E4EE7E}.Release|Mixed Platforms.Build.0 = Release|Win32
		{0395923A-0561-49A6-9971-EFDB60E4EE7E}.Release|Win32.ActiveCfg = Release|Win32
		{0395923A-0561-49A6-9971-EFDB60E4EE7E}.Release|Win32.Build.0 = Release|Win32
		{0395923A-0561-49A6-9971-EFDB60E4EE7E}.Release|x86.ActiveCfg = Release|Win32
		{0395923A-0561-49A6-9971-EFDB60E4EE7E}.Template|Mixed Platforms.ActiveCfg = Release|Win32
		{0395923A-0561-49A6-9971-EFDB60E4EE7E}.Template|Mixed Platforms.Build.0 = Release|Win32
		{0395923A-0561-49A6-9971-EFDB60E4EE7E}.Template|Win32.ActiveCfg = Release|Win32
		{0395923A-0561-49A6-9971-EFDB60E4EE7E}.Template|Win32.Build.0 = Release|Win32
		{0395923A-0561-49A6-9971-EFDB60E4EE7E}.Template|x86.ActiveCfg = Release|Win32
		{EA1AB6B9-A7E2-484B-AA6F-A0659A383B77}.Debug_Unicode|Mixed Platforms.ActiveCfg = Debug|Win32
		{EA1AB6B9-A7E2-484B-AA6F-A0659A383B77}.Debug_Unicode|Win32.ActiveCfg = Debug|Win32
		{EA1AB6B9-A7E2-484B-AA6F-A0659A383B77}.Debug_Unicode|Win32.Build.0 = Debug|Win32
		{EA1AB6B9-A7E2-484B-AA6F-A0659A383B77}.Debug_Unicode|x86.ActiveCfg = Debug|Win32
		{EA1AB6B9-A7E2-484B-AA6F-A0659A383B77}.Debug|Mixed Platforms.ActiveCfg = Debug|Win32
		{EA1AB6B9-A7E2-484B-AA6F-A0659A383B77}.Debug|Win32.ActiveCfg = Debug|Win32
		{EA1AB6B9-A7E2-484B-AA6F-A0659A383B77}.Debug|Win32.Build.0 = Debug|Win32
		{EA1AB6B9-A7E2-484B-AA6F-A0659A383B77}.Debug|x86.ActiveCfg = Debug|Win32
		{EA1AB6B9-A7E2-484B-AA6F-A0659A383B77}.Release_Unicode|Mixed Platforms.ActiveCfg = Release|Win32
		{EA1AB6B9-A7E2-484B-AA6F-A0659A383B77}.Release_Unicode|Win32.ActiveCfg = Release|Win32
		{EA1AB6B9-A7E2-484B-AA6F-A0659A383B77}.Release_Unicode|Win32.Build.0 = Release|Win32
		{EA1AB6B9-A7E2-484B-AA6F-A0659A383B77}.Release_Unicode|x86.ActiveCfg = Release|Win32
		{EA1AB6B9-A7E2-484B-AA6F-A0659A383B77}.Release|Mixed Platforms.ActiveCfg = Release|Win32
		{EA1AB6B9-A7E2-484B-AA6F-A0659A383B77}.Release|Win32.ActiveCfg = Release|Win32
		{EA1AB6B9-A7E2-484B-AA6F-A0659A383B77}.Release|Win32.Build.0 = Release|Win32
		{EA1AB6B9-A7E2-484B-AA6F-A0659A383B77}.Release|x86.ActiveCfg = Release|Win32
		{EA1AB6B9-A7E2-484B-AA6F-A0659A383B77}.Template|Mixed Platforms.ActiveCfg = Release|Win32
		{EA1AB6B9-A7E2-484B-AA6F-A0659A383B77}.Template|Win32.ActiveCfg = Release|Win32
		{EA1AB6B9-A7E2-484B-AA6F-A0659A383B77}.Template|Win32.Build.0 = Release|Win32
		{EA1AB6B9-A7E2-484B-AA6F-A0659A383B77}.Template|x86.ActiveCfg = Release|Win32
		{DB9CF0CB-DFBE-4292-B828-F0000FB7AE0A}.Debug_Unicode|Mixed Platforms.ActiveCfg = Debug|x86
		{DB9CF0CB-DFBE-4292-B828-F0000FB7AE0A}.Debug_Unicode|Mixed Platforms.Build.0 = Debug|x86
		{DB9CF0CB-DFBE-4292-B828-F0000FB7AE0A}.Debug_Unicode|Win32.ActiveCfg = Debug|x86
		{DB9CF0CB-DFBE-4292-B828-F0000FB7AE0A}.Debug_Unicode|x86.ActiveCfg = Debug|x86
		{DB9CF0CB-DFBE-4292-B828-F0000FB7AE0A}.Debug_Unicode|x86.Build.0 = Debug|x86
		{DB9CF0CB-DFBE-4292-B828-F0000FB7AE0A}.Debug|Mixed Platforms.ActiveCfg = Debug|x86
		{DB9CF0CB-DFBE-4292-B828-F0000FB7AE0A}.Debug|Mixed Platforms.Build.0 = Debug|x86
		{DB9CF0CB-DFBE-4292-B828-F0000FB7AE0A}.Debug|Win32.ActiveCfg = Debug|x86
		{DB9CF0CB-DFBE-4292-B828-F0000FB7AE0A}.Debug|x86.ActiveCfg = Debug|x86
		{DB9CF0CB-DFBE-4292-B828-F0000FB7AE0A}.Debug|x86.Build.0 = Debug|x86
		{DB9CF0CB-DFBE-4292-B828-F0000FB7AE0A}.Release_Unicode|Mixed Platforms.ActiveCfg = Release|x86
		{DB9CF0CB-DFBE-4292-B828-F0000FB7AE0A}.Release_Unicode|Mixed Platforms.Build.0 = Release|x86
		{DB9CF0CB-DFBE-4292-B828-F0000FB7AE0A}.Release_Unicode|Win32.ActiveCfg = Release|x86
		{DB9CF0CB-DFBE-4292-B828-F0000FB7AE0A}.Release_Unicode|x86.ActiveCfg = Release|x86
		{DB9CF0CB-DFBE-4292-B828-F0000FB7AE0A}.Release_Unicode|x86.Build.0 = Release|x86
		{DB9CF0CB-DFBE-4292-B828-F0000FB7AE0A}.Release|Mixed Platforms.ActiveCfg = Release|x86
		{DB9CF0CB-DFBE-4292-B828-F0000FB7AE0A}.Release|Mixed Platforms.Build.0 = Release|x86
		{DB9CF0CB-DFBE-4292-B828-F0000FB7AE0A}.Release|Win32.ActiveCfg = Release|x86
		{DB9CF0CB-DFBE-4292-B828-F0000FB7AE0A}.Release|x86.ActiveCfg = Release|x86
		{DB9CF0CB-DFBE-4292-B828-F0000FB7AE0A}.Release|x86.Build.0 = Release|x86
		{DB9CF0CB-DFBE-4292-B828-F0000FB7AE0A}.Template|Mixed Platforms.ActiveCfg = Release|x86
		{DB9CF0CB-DFBE-4292-B828-F0000FB7AE0A}.Template|Mixed Platforms.Build.0 = Release|x86
		{DB9CF0CB-DFBE-4292-B828-F0000FB7AE0A}.Template|Win32.ActiveCfg = Release|x86
		{DB9CF0CB-DFBE-4292-B828-F0000FB7AE0A}.Template|x86.ActiveCfg = Release|x86
		{DB9CF0CB-DFBE-4292-B828-F0000FB7AE0A}.Template|x86.Build.0 = Release|x86
		{815167D6-0879-43A0-9A0B-3E326C8691C8}.Debug_Unicode|Mixed Platforms.ActiveCfg = Debug|Win32
		{815167D6-0879-43A0-9A0B-3E326C8691C8}.Debug_Unicode|Mixed Platforms.Build.0 = Debug|Win32
		{815167D6-0879-43A0-9A0B-3E326C8691C8}.Debug_Unicode|Win32.ActiveCfg = Debug|Win32
		{815167D6-0879-43A0-9A0B-3E326C8691C8}.Debug_Unicode|Win32.Build.0 = Debug|Win32
		{815167D6-0879-43A0-9A0B-3E326C8691C8}.Debug_Unicode|x86.ActiveCfg = Debug|Win32
		{815167D6-0879-43A0-9A0B-3E326C8691C8}.Debug_Unicode|x86.Build.0 = Debug|Win32
		{815167D6-0879-43A0-9A0B-3E326C8691C8}.Debug|Mixed Platforms.ActiveCfg = Debug|Win32
		{815167D6-0879-43A0-9A0B-3E326C8691C8}.Debug|Mixed Platforms.Build.0 = Debug|Win32
		{815167D6-0879-43A0-9A0B-3E326C8691C8}.Debug|Win32.ActiveCfg = Debug|Win32
		{815167D6-0879-43A0-9A0B-3E326C8691C8}.Debug|Win32.Build.0 = Debug|Win32
		{815167D6-0879-43A0-9A0B-3E326C8691C8}.Debug|x86.ActiveCfg = Debug|Win32
		{815167D6-0879-43A0-9A0B-3E326C8691C8}.Debug|x86.Build.0 = Debug|Win32
		{815167D6-0879-43A0-9A0B-3E326C8691C8}.Release_Unicode|Mixed Platforms.ActiveCfg = Release|Win32
		{815167D6-0879-43A0-9A0B-3E326C8691C8}.Release_Unicode|Mixed Platforms.Build.0 = Release|Win32
		{815167D6-0879-43A0-9A0B-3E326C8691C8}.Release_Unicode|Win32.ActiveCfg = Release|Win32
		{815167D6-0879-43A0-9A0B-3E326C8691C8}.Release_Unicode|Win32.Build.0 = Release|Win32
		{815167D6-0879-43A0-9A0B-3E326C8691C8}.Release_Unicode|x86.ActiveCfg = Release|Win32
		{815167D6-0879-43A0-9A0B-3E326C8691C8}.Release_Unicode|x86.Build.0 = Release|Win32
		{815167D6-0879-43A0-9A0B-3E326C8691C8}.Release|Mixed Platforms.ActiveCfg = Release|Win32
		{815167D6-0879-43A0-9A0B-3E326C8691C8}.Release|Mixed Platforms.Build.0 = Release|Win32
		{815167D6-0879-43A0-9A0B-3E326C8691C8}.Release|Win32.ActiveCfg = Release|Win32
		{815167D6-0879-43A0-9A0B-3E326C8691C8}.Release|Win32.Build.0 = Release|Win32
		{815167D6-0879-43A0-9A0B-3E326C8691C8}.Release|x86.ActiveCfg = Release|Win32
		{815167D6-0879-43A0-9A0B-3E326C8691C8}.Release|x86.Build.0 = Release|Win32
		{815167D6-0879-43A0-9A0B-3E326C8691C8}.Template|Mixed Platforms.ActiveCfg = Release|Win32
		{815167D6-0879-43A0-9A0B-3E326C8691C8}.Template|Mixed Platforms.Build.0 = Release|Win32
		{815167D6-0879-43A0-9A0B-3E326C8691C8}.Template|Win32.ActiveCfg = Release|Win32
		{815167D6-0879-43A0-9A0B-3E326C8691C8}.Template|Win32.Build.0 = Release|Win32
		{815167D6-0879-43A0-9A0B-3E326C8691C8}.Template|x86.ActiveCfg = Release|Win32
		{815167D6-0879-43A0-9A0B-3E326C8691C8}.Template|x86.Build.0 = Release|Win32
		{BE8D9410-0FB4-4C6B-80FB-2B59D8CBD62D}.Debug_Unicode|Mixed Platforms.ActiveCfg = Debug|Win32
		{BE8D9410-0FB4-4C6B-80FB-2B59D8CBD62D}.Debug_Unicode|Mixed Platforms.Build.0 = Debug|Win32
		{BE8D9410-0FB4-4C6B-80FB-2B59D8CBD62D}.Debug_Unicode|Win32.ActiveCfg = Debug|Win32
		{BE8D9410-0FB4-4C6B-80FB-2B59D8CBD62D}.Debug_Unicode|Win32.Build.0 = Debug|Win32
		{BE8D9410-0FB4-4C6B-80FB-2B59D8CBD62D}.Debug_Unicode|x86.ActiveCfg = Debug|Win32
		{BE8D9410-0FB4-4C6B-80FB-2B59D8CBD62D}.Debug_Unicode|x86.Build.0 = Debug|Win32
		{BE8D9410-0FB4-4C6B-80FB-2B59D8CBD62D}.Debug|Mixed Platforms.ActiveCfg = Debug|Win32
		{BE8D9410-0FB4-4C6B-80FB-2B59D8CBD62D}.Debug|Mixed Platforms.Build.0 = Debug|Win32
		{BE8D9410-0FB4-4C6B-80FB-2B59D8CBD62D}.Debug|Win32.ActiveCfg = Debug|Win32
		{BE8D9410-0FB4-4C6B-80FB-2B59D8CBD62D}.Debug|Win32.Build.0 = Debug|Win32
		{BE8D9410-0FB4-4C6B-80FB-2B59D8CBD62D}.Debug|x86.ActiveCfg = Debug|Win32
		{BE8D9410-0FB4-4C6B-80FB-2B59D8CBD62D}.Debug|x86.Build.0 = Debug|Win32
		{BE8D9410-0FB4-4C6B-80FB-2B59D8CBD62D}.Release_Unicode|Mixed Platforms.ActiveCfg = Release|Win32
		{BE8D9410-0FB4-4C6B-80FB-2B59D8CBD62D}.Release_Unicode|Mixed Platforms.Build.0 = Release|Win32
		{BE8D9410-0FB4-4C6B-80FB-2B59D8CBD62D}.Release_Unicode|Win32.ActiveCfg = Release|Win32
		{BE8D9410-0FB4-4C6B-80FB-2B59D8CBD62D}.Release_Unicode|Win32.Build.0 = Release|Win32
		{BE8D9410-0FB4-4C6B-80FB-2B59D8CBD62D}.Release_Unicode|x86.ActiveCfg = Release|Win32
		{BE8D9410-0FB4-4C6B-80FB-2B59D8CBD62D}.Release_Unicode|x86.Build.0 = Release|Win32
		{BE8D9410-0FB4-4C6B-80FB-2B59D8CBD62D}.Release|Mixed Platforms.ActiveCfg = Release|Win32
		{BE8D9410-0FB4-4C6B-80FB-2B59D8CBD62D}.Release|Mixed Platforms.Build.0 = Release|Win32
		{BE8D9410-0FB4-4C6B-80FB-2B59D8CBD62D}.Release|Win32.ActiveCfg = Release|Win32
		{BE8D9410-0FB4-4C6B-80FB-2B59D8CBD62D}.Release|Win32.Build.0 = Release|Win32
		{BE8D9410-0FB4-4C6B-80FB-2B59D8CBD62D}.Release|x86.ActiveCfg = Release|Win32
		{BE8D9410-0FB4-4C6B-80FB-2B59D8CBD62D}.Release|x86.Build.0 = Release|Win32
		{BE8D9410-0FB4-4C6B-80FB-2B59D8CBD62D}.Template|Mixed Platforms.ActiveCfg = Release|Win32
		{BE8D9410-0FB4-4C6B-80FB-2B59D8CBD62D}.Template|Mixed Platforms.Build.0 = Release|Win32
		{BE8D9410-0FB4-4C6B-80FB-2B59D8CBD62D}.Template|Win32.ActiveCfg = Release|Win32
		{BE8D9410-0FB4-4C6B-80FB-2B59D8CBD62D}.Template|Win32.Build.0 = Release|Win32
		{BE8D9410-0FB4-4C6B-80FB-2B59D8CBD62D}.Template|x86.ActiveCfg = Release|Win32
		{BE8D9410-0FB4-4C6B-80FB-2B59D8CBD62D}.Template|x86.Build.0 = Release|Win32
		{E174C590-C063-4FF1-8A34-D2D8261ED633}.Debug_Unicode|Mixed Platforms.ActiveCfg = Debug|Win32
		{E174C590-C063-4FF1-8A34-D2D8261ED633}.Debug_Unicode|Mixed Platforms.Build.0 = Debug|Win32
		{E174C590-C063-4FF1-8A34-D2D8261ED633}.Debug_Unicode|Win32.ActiveCfg = Debug|Win32
		{E174C590-C063-4FF1-8A34-D2D8261ED633}.Debug_Unicode|Win32.Build.0 = Debug|Win32
		{E174C590-C063-4FF1-8A34-D2D8261ED633}.Debug_Unicode|x86.ActiveCfg = Debug|Win32
		{E174C590-C063-4FF1-8A34-D2D8261ED633}.Debug_Unicode|x86.Build.0 = Debug|Win32
		{E174C590-C063-4FF1-8A34-D2D8261ED633}.Debug|Mixed Platforms.ActiveCfg = Debug|Win32
		{E174C590-C063-4FF1-8A34-D2D8261ED633}.Debug|Mixed Platforms.Build.0 = Debug|Win32
		{E174C590-C063-4FF1-8A34-D2D8261ED633}.Debug|Win32.ActiveCfg = Debug|Win32
		{E174C590-C063-4FF1-8A34-D2D8261ED633}.Debug|Win32.Build.0 = Debug|Win32
		{E174C590-C063-4FF1-8A34-D2D8261ED633}.Debug|x86.ActiveCfg = Debug|Win32
		{E174C590-C063-4FF1-8A34-D2D8261ED633}.Debug|x86.Build.0 = Debug|Win32
		{E174C590-C063-4FF1-8A34-D2D8261ED633}.Release_Unicode|Mixed Platforms.ActiveCfg = Release|Win32
		{E174C590-C063-4FF1-8A34-D2D8261ED633}.Release_Unicode|Mixed Platforms.Build.0 = Release|Win32
		{E174C590-C063-4FF1-8A34-D2D8261ED633}.Release_Unicode|Win32.ActiveCfg = Release|Win32
		{E174C590-C063-4FF1-8A34-D2D8261ED633}.Release_Unicode|Win32.Build.0 = Release|Win32
		{E174C590-C063-4FF1-8A34-D2D8261ED633}.Release_Unicode|x86.ActiveCfg = Release|Win32
		{E174C590-C063-4FF1-8A34-D2D8261ED633}.Release_Unicode|x86.Build.0 = Release|Win32
		{E174C590-C063-4FF1-8A34-D2D8261ED633}.Release|Mixed Platforms.ActiveCfg = Release|Win32
		{E174C590-C063-4FF1-8A34-D2D8261ED633}.Release|Mixed Platforms.Build.0 = Release|Win32
		{E174C590-C063-4FF1-8A34-D2D8261ED633}.Release|Win32.ActiveCfg = Release|Win32
		{E174C590-C063-4FF1-8A34-D2D8261ED633}.Release|Win32.Build.0 = Release|Win32
		{E174C590-C063-4FF1-8A34-D2D8261ED633}.Release|x86.ActiveCfg = Release|Win32
		{E174C590-C063-4FF1-8A34-D2D8261ED633}.Release|x86.Build.0 = Release|Win32
		{E174C590-C063-4FF1-8A34-D2D8261ED633}.Template|Mixed Platforms.ActiveCfg = Release|Win32
		{E174C590-C063-4FF1-8A34-D2D8261ED633}.Template|Mixed Platforms.Build.0 = Release|Win32
		{E174C590-C063-4FF1-8A34-D2D8261ED633}.Template|Win32.ActiveCfg = Release|Win32
		{E174C590-C063-4FF1-8A34-D2D8261ED633}.Template|Win32.Build.0 = Release|Win32
		{E174C590-C063-4FF1-8A34-D2D8261ED633}.Template|x86.ActiveCfg = Release|Win32
		{E174C590-C063-4FF1-8A34-D2D8261ED633}.Template|x86.Build.0 = Release|Win32
		{BAD27C39-1F9B-47D4-A867-C2F082E948E9}.Debug_Unicode|Mixed Platforms.ActiveCfg = Debug_Unicode|Win32
		{BAD27C39-1F9B-47D4-A867-C2F082E948E9}.Debug_Unicode|Mixed Platforms.Build.0 = Debug_Unicode|Win32
		{BAD27C39-1F9B-47D4-A867-C2F082E948E9}.Debug_Unicode|Win32.ActiveCfg = Debug_Unicode|Win32
		{BAD27C39-1F9B-47D4-A867-C2F082E948E9}.Debug_Unicode|Win32.Build.0 = Debug_Unicode|Win32
		{BAD27C39-1F9B-47D4-A867-C2F082E948E9}.Debug_Unicode|x86.ActiveCfg = Debug_Unicode|Win32
		{BAD27C39-1F9B-47D4-A867-C2F082E948E9}.Debug_Unicode|x86.Build.0 = Debug_Unicode|Win32
		{BAD27C39-1F9B-47D4-A867-C2F082E948E9}.Debug|Mixed Platforms.ActiveCfg = Debug|Win32
		{BAD27C39-1F9B-47D4-A867-C2F082E948E9}.Debug|Mixed Platforms.Build.0 = Debug|Win32
		{BAD27C39-1F9B-47D4-A867-C2F082E948E9}.Debug|Win32.ActiveCfg = Debug|Win32
		{BAD27C39-1F9B-47D4-A867-C2F082E948E9}.Debug|Win32.Build.0 = Debug|Win32
		{BAD27C39-1F9B-47D4-A867-C2F082E948E9}.Debug|x86.ActiveCfg = Debug|Win32
		{BAD27C39-1F9B-47D4-A867-C2F082E948E9}.Debug|x86.Build.0 = Debug|Win32
		{BAD27C39-1F9B-47D4-A867-C2F082E948E9}.Release_Unicode|Mixed Platforms.ActiveCfg = Release_Unicode|Win32
		{BAD27C39-1F9B-47D4-A867-C2F082E948E9}.Release_Unicode|Mixed Platforms.Build.0 = Release_Unicode|Win32
		{BAD27C39-1F9B-47D4-A867-C2F082E948E9}.Release_Unicode|Win32.ActiveCfg = Release_Unicode|Win32
		{BAD27C39-1F9B-47D4-A867-C2F082E948E9}.Release_Unicode|Win32.Build.0 = Release_Unicode|Win32
		{BAD27C39-1F9B-47D4-A867-C2F082E948E9}.Release_Unicode|x86.ActiveCfg = Release_Unicode|Win32
		{BAD27C39-1F9B-47D4-A867-C2F082E948E9}.Release_Unicode|x86.Build.0 = Release_Unicode|Win32
		{BAD27C39-1F9B-47D4-A867-C2F082E948E9}.Release|Mixed Platforms.ActiveCfg = Release|Win32
		{BAD27C39-1F9B-47D4-A867-C2F082E948E9}.Release|Mixed Platforms.Build.0 = Release|Win32
		{BAD27C39-1F9B-47D4-A867-C2F082E948E9}.Release|Win32.ActiveCfg = Release|Win32
		{BAD27C39-1F9B-47D4-A867-C2F082E948E9}.Release|Win32.Build.0 = Release|Win32
		{BAD27C39-1F9B-47D4-A867-C2F082E948E9}.Release|x86.ActiveCfg = Release|Win32
		{BAD27C39-1F9B-47D4-A867-C2F082E948E9}.Release|x86.Build.0 = Release|Win32
		{BAD27C39-1F9B-47D4-A867-C2F082E948E9}.Template|Mixed Platforms.ActiveCfg = Release|Win32
		{BAD27C39-1F9B-47D4-A867-C2F082E948E9}.Template|Mixed Platforms.Build.0 = Release|Win32
		{BAD27C39-1F9B-47D4-A867-C2F082E948E9}.Template|Win32.ActiveCfg = Release|Win32
		{BAD27C39-1F9B-47D4-A867-C2F082E948E9}.Template|Win32.Build.0 = Release|Win32
		{BAD27C39-1F9B-47D4-A867-C2F082E948E9}.Template|x86.ActiveCfg = Release|Win32
		{BAD27C39-1F9B-47D4-A867-C2F082E948E9}.Template|x86.Build.0 = Release|Win32
		{BAE19B94-710F-4994-BA83-1D17E51680E5}.Debug_Unicode|Mixed Platforms.ActiveCfg = Debug_Unicode|Win32
		{BAE19B94-710F-4994-BA83-1D17E51680E5}.Debug_Unicode|Mixed Platforms.Build.0 = Debug_Unicode|Win32
		{BAE19B94-710F-4994-BA83-1D17E51680E5}.Debug_Unicode|Win32.ActiveCfg = Debug_Unicode|Win32
		{BAE19B94-710F-4994-BA83-1D17E51680E5}.Debug_Unicode|Win32.Build.0 = Debug_Unicode|Win32
		{BAE19B94-710F-4994-BA83-1D17E51680E5}.Debug_Unicode|x86.ActiveCfg = Debug_Unicode|Win32
		{BAE19B94-710F-4994-BA83-1D17E51680E5}.Debug_Unicode|x86.Build.0 = Debug_Unicode|Win32
		{BAE19B94-710F-4994-BA83-1D17E51680E5}.Debug|Mixed Platforms.ActiveCfg = Debug|Win32
		{BAE19B94-710F-4994-BA83-1D17E51680E5}.Debug|Mixed Platforms.Build.0 = Debug|Win32
		{BAE19B94-710F-4994-BA83-1D17E51680E5}.Debug|Win32.ActiveCfg = Debug|Win32
		{BAE19B94-710F-4994-BA83-1D17E51680E5}.Debug|Win32.Build.0 = Debug|Win32
		{BAE19B94-710F-4994-BA83-1D17E51680E5}.Debug|x86.ActiveCfg = Debug|Win32
		{BAE19B94-710F-4994-BA83-1D17E51680E5}.Debug|x86.Build.0 = Debug|Win32
		{BAE19B94-710F-4994-BA83-1D17E51680E5}.Release_Unicode|Mixed Platforms.ActiveCfg = Release_Unicode|Win32
		{BAE19B94-710F-4994-BA83-1D17E51680E5}.Release_Unicode|Mixed Platforms.Build.0 = Release_Unicode|Win32
		{BAE19B94-710F-4994-BA83-1D17E51680E5}.Release_Unicode|Win32.ActiveCfg = Release_Unicode|Win32
		{BAE19B94-710F-4994-BA83-1D17E51680E5}.Release_Unicode|Win32.Build.0 = Release_Unicode|Win32
		{BAE19B94-710F-4994-BA83-1D17E51680E5}.Release_Unicode|x86.ActiveCfg = Release_Unicode|Win32
		{BAE19B94-710F-4994-BA83-1D17E51680E5}.Release_Unicode|x86.Build.0 = Release_Unicode|Win32
		{BAE19B94-710F-4994-BA83-1D17E51680E5}.Release|Mixed Platforms.ActiveCfg = Release|Win32
		{BAE19B94-710F-4994-BA83-1D17E51680E5}.Release|Mixed Platforms.Build.0 = Release|Win32
		{BAE19B94-710F-4994-BA83-1D17E51680E5}.Release|Win32.ActiveCfg = Release|Win32
		{BAE19B94-710F-4994-BA83-1D17E51680E5}.Release|Win32.Build.0 = Release|Win32
		{BAE19B94-710F-4994-BA83-1D17E51680E5}.Release|x86.ActiveCfg = Release|Win32
		{BAE19B94-710F-4994-BA83-1D17E51680E5}.Release|x86.Build.0 = Release|Win32
		{BAE19B94-710F-4994-BA83-1D17E51680E5}.Template|Mixed Platforms.ActiveCfg = Release|Win32
		{BAE19B94-710F-4994-BA83-1D17E51680E5}.Template|Mixed Platforms.Build.0 = Release|Win32
		{BAE19B94-710F-4994-BA83-1D17E51680E5}.Template|Win32.ActiveCfg = Release|Win32
		{BAE19B94-710F-4994-BA83-1D17E51680E5}.Template|Win32.Build.0 = Release|Win32
		{BAE19B94-710F-4994-BA83-1D17E51680E5}.Template|x86.ActiveCfg = Release|Win32
		{BAE19B94-710F-4994-BA83-1D17E51680E5}.Template|x86.Build.0 = Release|Win32
		{C55B8833-7196-42AB-8886-AD50826FBD90}.Debug_Unicode|Mixed Platforms.ActiveCfg = Debug|Win32
		{C55B8833-7196-42AB-8886-AD50826FBD90}.Debug_Unicode|Mixed Platforms.Build.0 = Debug|Win32
		{C55B8833-7196-42AB-8886-AD50826FBD90}.Debug_Unicode|Win32.ActiveCfg = Debug|Win32
		{C55B8833-7196-42AB-8886-AD50826FBD90}.Debug_Unicode|Win32.Build.0 = Debug|Win32
		{C55B8833-7196-42AB-8886-AD50826FBD90}.Debug_Unicode|x86.ActiveCfg = Debug|Win32
		{C55B8833-7196-42AB-8886-AD50826FBD90}.Debug_Unicode|x86.Build.0 = Debug|Win32
		{C55B8833-7196-42AB-8886-AD50826FBD90}.Debug|Mixed Platforms.ActiveCfg = Debug|Win32
		{C55B8833-7196-42AB-8886-AD50826FBD90}.Debug|Mixed Platforms.Build.0 = Debug|Win32
		{C55B8833-7196-42AB-8886-AD50826FBD90}.Debug|Win32.ActiveCfg = Debug|Win32
		{C55B8833-7196-42AB-8886-AD50826FBD90}.Debug|Win32.Build.0 = Debug|Win32
		{C55B8833-7196-42AB-8886-AD50826FBD90}.Debug|x86.ActiveCfg = Debug|Win32
		{C55B8833-7196-42AB-8886-AD50826FBD90}.Debug|x86.Build.0 = Debug|Win32
		{C55B8833-7196-42AB-8886-AD50826FBD90}.Release_Unicode|Mixed Platforms.ActiveCfg = Release|Win32
		{C55B8833-7196-42AB-8886-AD50826FBD90}.Release_Unicode|Mixed Platforms.Build.0 = Release|Win32
		{C55B8833-7196-42AB-8886-AD50826FBD90}.Release_Unicode|Win32.ActiveCfg = Release|Win32
		{C55B8833-7196-42AB-8886-AD50826FBD90}.Release_Unicode|Win32.Build.0 = Release|Win32
		{C55B8833-7196-42AB-8886-AD50826FBD90}.Release_Unicode|x86.ActiveCfg = Release|Win32
		{C55B8833-7196-42AB-8886-AD50826FBD90}.Release_Unicode|x86.Build.0 = Release|Win32
		{C55B8833-7196-42AB-8886-AD50826FBD90}.Release|Mixed Platforms.ActiveCfg = Release|Win32
		{C55B8833-7196-42AB-8886-AD50826FBD90}.Release|Mixed Platforms.Build.0 = Release|Win32
		{C55B8833-7196-42AB-8886-AD50826FBD90}.Release|Win32.ActiveCfg = Release|Win32
		{C55B8833-7196-42AB-8886-AD50826FBD90}.Release|Win32.Build.0 = Release|Win32
		{C55B8833-7196-42AB-8886-AD50826FBD90}.Release|x86.ActiveCfg = Release|Win32
		{C55B8833-7196-42AB-8886-AD50826FBD90}.Release|x86.Build.0 = Release|Win32
		{C55B8833-7196-42AB-8886-AD50826FBD90}.Template|Mixed Platforms.ActiveCfg = Release|Win32
		{C55B8833-7196-42AB-8886-AD50826FBD90}.Template|Mixed Platforms.Build.0 = Release|Win32
		{C55B8833-7196-42AB-8886-AD50826FBD90}.Template|Win32.ActiveCfg = Release|Win32
		{C55B8833-7196-42AB-8886-AD50826FBD90}.Template|Win32.Build.0 = Release|Win32
		{C55B8833-7196-42AB-8886-AD50826FBD90}.Template|x86.ActiveCfg = Release|Win32
		{C55B8833-7196-42AB-8886-AD50826FBD90}.Template|x86.Build.0 = Release|Win32
	EndGlobalSection
	GlobalSection(SolutionProperties) = preSolution
		HideSolutionNode = FALSE
	EndGlobalSection
EndGlobal
